
Microsoft Visual Studio Solution File, Format Version 12.00
# Visual Studio Version 17
VisualStudioVersion = 17.0.32112.339
MinimumVisualStudioVersion = 10.0.40219.1
Project("{FAE04EC0-301F-11D3-BF4B-00C04F79EFBC}") = "zar", "zar\zar.csproj", "{BC513DFA-C046-459F-8090-134E01A0ED39}"
EndProject
Global
	GlobalSection(SolutionConfigurationPlatforms) = preSolution
		Debug|Any CPU = Debug|Any CPU
		Release|Any CPU = Release|Any CPU
	EndGlobalSection
	GlobalSection(ProjectConfigurationPlatforms) = postSolution
		{BC513DFA-C046-459F-8090-134E01A0ED39}.Debug|Any CPU.ActiveCfg = Debug|Any CPU
		{BC513DFA-C046-459F-8090-134E01A0ED39}.Debug|Any CPU.Build.0 = Debug|Any CPU
		{BC513DFA-C046-459F-8090-134E01A0ED39}.Release|Any CPU.ActiveCfg = Release|Any CPU
		{BC513DFA-C046-459F-8090-134E01A0ED39}.Release|Any CPU.Build.0 = Release|Any CPU
	EndGlobalSection
	GlobalSection(SolutionProperties) = preSolution
		HideSolutionNode = FALSE
	EndGlobalSection
	GlobalSection(ExtensibilityGlobals) = postSolution
		SolutionGuid = {D957741B-633D-4343-AAAA-A3FB62E41385}
	EndGlobalSection
EndGlobal
